// !$*UTF8*$!
{
	archiveVersion = 1;
	classes = {
	};
	objectVersion = 55;
	objects = {

/* Begin PBXBuildFile section */
		2604A6C5288FBA8D00D7B3D8 /* PencilKit_BarebonesApp.swift in Sources */ = {isa = PBXBuildFile; fileRef = 2604A6C4288FBA8D00D7B3D8 /* PencilKit_BarebonesApp.swift */; };
		2604A6C7288FBA8D00D7B3D8 /* DrawingListView.swift in Sources */ = {isa = PBXBuildFile; fileRef = 2604A6C6288FBA8D00D7B3D8 /* DrawingListView.swift */; };
		2604A6C9288FBA8E00D7B3D8 /* Assets.xcassets in Resources */ = {isa = PBXBuildFile; fileRef = 2604A6C8288FBA8E00D7B3D8 /* Assets.xcassets */; };
		2604A6CC288FBA8E00D7B3D8 /* Preview Assets.xcassets in Resources */ = {isa = PBXBuildFile; fileRef = 2604A6CB288FBA8E00D7B3D8 /* Preview Assets.xcassets */; };
		2604A6D1288FBA8E00D7B3D8 /* DrawingModel.xcdatamodeld in Sources */ = {isa = PBXBuildFile; fileRef = 2604A6CF288FBA8E00D7B3D8 /* DrawingModel.xcdatamodeld */; };
		2604A6D8288FBE2F00D7B3D8 /* AddCanvasView.swift in Sources */ = {isa = PBXBuildFile; fileRef = 2604A6D7288FBE2F00D7B3D8 /* AddCanvasView.swift */; };
		2604A6DA288FC91800D7B3D8 /* DrawingView.swift in Sources */ = {isa = PBXBuildFile; fileRef = 2604A6D9288FC91800D7B3D8 /* DrawingView.swift */; };
		2604A6E12890BCC300D7B3D8 /* DrawingViewModel.swift in Sources */ = {isa = PBXBuildFile; fileRef = 2604A6E02890BCC300D7B3D8 /* DrawingViewModel.swift */; };
/* End PBXBuildFile section */

/* Begin PBXFileReference section */
		2604A6C1288FBA8D00D7B3D8 /* PencilKit_Barebones.app */ = {isa = PBXFileReference; explicitFileType = wrapper.application; includeInIndex = 0; path = PencilKit_Barebones.app; sourceTree = BUILT_PRODUCTS_DIR; };
		2604A6C4288FBA8D00D7B3D8 /* PencilKit_BarebonesApp.swift */ = {isa = PBXFileReference; lastKnownFileType = sourcecode.swift; path = PencilKit_BarebonesApp.swift; sourceTree = "<group>"; };
		2604A6C6288FBA8D00D7B3D8 /* DrawingListView.swift */ = {isa = PBXFileReference; lastKnownFileType = sourcecode.swift; path = DrawingListView.swift; sourceTree = "<group>"; };
		2604A6C8288FBA8E00D7B3D8 /* Assets.xcassets */ = {isa = PBXFileReference; lastKnownFileType = folder.assetcatalog; path = Assets.xcassets; sourceTree = "<group>"; };
		2604A6CB288FBA8E00D7B3D8 /* Preview Assets.xcassets */ = {isa = PBXFileReference; lastKnownFileType = folder.assetcatalog; path = "Preview Assets.xcassets"; sourceTree = "<group>"; };
		2604A6CD288FBA8E00D7B3D8 /* Persistence.swift */ = {isa = PBXFileReference; lastKnownFileType = sourcecode.swift; path = Persistence.swift; sourceTree = "<group>"; };
		2604A6D0288FBA8E00D7B3D8 /* PencilKit_Barebones.xcdatamodel */ = {isa = PBXFileReference; lastKnownFileType = wrapper.xcdatamodel; path = PencilKit_Barebones.xcdatamodel; sourceTree = "<group>"; };
		2604A6D7288FBE2F00D7B3D8 /* AddCanvasView.swift */ = {isa = PBXFileReference; lastKnownFileType = sourcecode.swift; path = AddCanvasView.swift; sourceTree = "<group>"; };
		2604A6D9288FC91800D7B3D8 /* DrawingView.swift */ = {isa = PBXFileReference; lastKnownFileType = sourcecode.swift; path = DrawingView.swift; sourceTree = "<group>"; };
		2604A6E02890BCC300D7B3D8 /* DrawingViewModel.swift */ = {isa = PBXFileReference; lastKnownFileType = sourcecode.swift; path = DrawingViewModel.swift; sourceTree = "<group>"; };
		2604A6E22890E15400D7B3D8 /* PencilKit-Barebones-Info.plist */ = {isa = PBXFileReference; lastKnownFileType = text.plist; path = "PencilKit-Barebones-Info.plist"; sourceTree = SOURCE_ROOT; };
/* End PBXFileReference section */

/* Begin PBXFrameworksBuildPhase section */
		2604A6BE288FBA8D00D7B3D8 /* Frameworks */ = {
			isa = PBXFrameworksBuildPhase;
			buildActionMask = 2147483647;
			files = (
			);
			runOnlyForDeploymentPostprocessing = 0;
		};
/* End PBXFrameworksBuildPhase section */

/* Begin PBXGroup section */
		2604A6B8288FBA8D00D7B3D8 = {
			isa = PBXGroup;
			children = (
				2604A6C3288FBA8D00D7B3D8 /* PencilKit_Barebones */,
				2604A6C2288FBA8D00D7B3D8 /* Products */,
			);
			sourceTree = "<group>";
		};
		2604A6C2288FBA8D00D7B3D8 /* Products */ = {
			isa = PBXGroup;
			children = (
				2604A6C1288FBA8D00D7B3D8 /* PencilKit_Barebones.app */,
			);
			name = Products;
			sourceTree = "<group>";
		};
		2604A6C3288FBA8D00D7B3D8 /* PencilKit_Barebones */ = {
			isa = PBXGroup;
			children = (
				2604A6E22890E15400D7B3D8 /* PencilKit-Barebones-Info.plist */,
				2604A6C4288FBA8D00D7B3D8 /* PencilKit_BarebonesApp.swift */,
				2604A6C8288FBA8E00D7B3D8 /* Assets.xcassets */,
				2604A6DD2890BC7100D7B3D8 /* View */,
				2604A6DB2890BC5A00D7B3D8 /* ViewModel */,
				2604A6DC2890BC6600D7B3D8 /* Model */,
				2604A6CD288FBA8E00D7B3D8 /* Persistence.swift */,
				2604A6CA288FBA8E00D7B3D8 /* Preview Content */,
			);
			path = PencilKit_Barebones;
			sourceTree = "<group>";
		};
		2604A6CA288FBA8E00D7B3D8 /* Preview Content */ = {
			isa = PBXGroup;
			children = (
				2604A6CB288FBA8E00D7B3D8 /* Preview Assets.xcassets */,
			);
			path = "Preview Content";
			sourceTree = "<group>";
		};
		2604A6DB2890BC5A00D7B3D8 /* ViewModel */ = {
			isa = PBXGroup;
			children = (
				2604A6E02890BCC300D7B3D8 /* DrawingViewModel.swift */,
			);
			path = ViewModel;
			sourceTree = "<group>";
		};
		2604A6DC2890BC6600D7B3D8 /* Model */ = {
			isa = PBXGroup;
			children = (
				2604A6CF288FBA8E00D7B3D8 /* DrawingModel.xcdatamodeld */,
			);
			path = Model;
			sourceTree = "<group>";
		};
		2604A6DD2890BC7100D7B3D8 /* View */ = {
			isa = PBXGroup;
			children = (
				2604A6C6288FBA8D00D7B3D8 /* DrawingListView.swift */,
				2604A6D7288FBE2F00D7B3D8 /* AddCanvasView.swift */,
				2604A6D9288FC91800D7B3D8 /* DrawingView.swift */,
			);
			path = View;
			sourceTree = "<group>";
		};
/* End PBXGroup section */

/* Begin PBXNativeTarget section */
		2604A6C0288FBA8D00D7B3D8 /* PencilKit_Barebones */ = {
			isa = PBXNativeTarget;
			buildConfigurationList = 2604A6D4288FBA8E00D7B3D8 /* Build configuration list for PBXNativeTarget "PencilKit_Barebones" */;
			buildPhases = (
				2604A6BD288FBA8D00D7B3D8 /* Sources */,
				2604A6BE288FBA8D00D7B3D8 /* Frameworks */,
				2604A6BF288FBA8D00D7B3D8 /* Resources */,
			);
			buildRules = (
			);
			dependencies = (
			);
			name = PencilKit_Barebones;
			productName = PencilKit_Barebones;
			productReference = 2604A6C1288FBA8D00D7B3D8 /* PencilKit_Barebones.app */;
			productType = "com.apple.product-type.application";
		};
/* End PBXNativeTarget section */

/* Begin PBXProject section */
		2604A6B9288FBA8D00D7B3D8 /* Project object */ = {
			isa = PBXProject;
			attributes = {
				BuildIndependentTargetsInParallel = 1;
				LastSwiftUpdateCheck = 1330;
				LastUpgradeCheck = 1330;
				TargetAttributes = {
					2604A6C0288FBA8D00D7B3D8 = {
						CreatedOnToolsVersion = 13.3.1;
					};
				};
			};
			buildConfigurationList = 2604A6BC288FBA8D00D7B3D8 /* Build configuration list for PBXProject "PencilKit_Barebones" */;
			compatibilityVersion = "Xcode 13.0";
			developmentRegion = en;
			hasScannedForEncodings = 0;
			knownRegions = (
				en,
				Base,
			);
			mainGroup = 2604A6B8288FBA8D00D7B3D8;
			productRefGroup = 2604A6C2288FBA8D00D7B3D8 /* Products */;
			projectDirPath = "";
			projectRoot = "";
			targets = (
				2604A6C0288FBA8D00D7B3D8 /* PencilKit_Barebones */,
			);
		};
/* End PBXProject section */

/* Begin PBXResourcesBuildPhase section */
		2604A6BF288FBA8D00D7B3D8 /* Resources */ = {
			isa = PBXResourcesBuildPhase;
			buildActionMask = 2147483647;
			files = (
				2604A6CC288FBA8E00D7B3D8 /* Preview Assets.xcassets in Resources */,
				2604A6C9288FBA8E00D7B3D8 /* Assets.xcassets in Resources */,
			);
			runOnlyForDeploymentPostprocessing = 0;
		};
/* End PBXResourcesBuildPhase section */

/* Begin PBXSourcesBuildPhase section */
		2604A6BD288FBA8D00D7B3D8 /* Sources */ = {
			isa = PBXSourcesBuildPhase;
			buildActionMask = 2147483647;
			files = (
				2604A6C7288FBA8D00D7B3D8 /* DrawingListView.swift in Sources */,
				2604A6D1288FBA8E00D7B3D8 /* DrawingModel.xcdatamodeld in Sources */,
				2604A6DA288FC91800D7B3D8 /* DrawingView.swift in Sources */,
				2604A6C5288FBA8D00D7B3D8 /* PencilKit_BarebonesApp.swift in Sources */,
				2604A6D8288FBE2F00D7B3D8 /* AddCanvasView.swift in Sources */,
				2604A6E12890BCC300D7B3D8 /* DrawingViewModel.swift in Sources */,
			);
			runOnlyForDeploymentPostprocessing = 0;
		};
/* End PBXSourcesBuildPhase section */

/* Begin XCBuildConfiguration section */
		2604A6D2288FBA8E00D7B3D8 /* Debug */ = {
			isa = XCBuildConfiguration;
			buildSettings = {
				ALWAYS_SEARCH_USER_PATHS = NO;
				CLANG_ANALYZER_NONNULL = YES;
				CLANG_ANALYZER_NUMBER_OBJECT_CONVERSION = YES_AGGRESSIVE;
				CLANG_CXX_LANGUAGE_STANDARD = "gnu++17";
				CLANG_ENABLE_MODULES = YES;
				CLANG_ENABLE_OBJC_ARC = YES;
				CLANG_ENABLE_OBJC_WEAK = YES;
				CLANG_WARN_BLOCK_CAPTURE_AUTORELEASING = YES;
				CLANG_WARN_BOOL_CONVERSION = YES;
				CLANG_WARN_COMMA = YES;
				CLANG_WARN_CONSTANT_CONVERSION = YES;
				CLANG_WARN_DEPRECATED_OBJC_IMPLEMENTATIONS = YES;
				CLANG_WARN_DIRECT_OBJC_ISA_USAGE = YES_ERROR;
				CLANG_WARN_DOCUMENTATION_COMMENTS = YES;
				CLANG_WARN_EMPTY_BODY = YES;
				CLANG_WARN_ENUM_CONVERSION = YES;
				CLANG_WARN_INFINITE_RECURSION = YES;
				CLANG_WARN_INT_CONVERSION = YES;
				CLANG_WARN_NON_LITERAL_NULL_CONVERSION = YES;
				CLANG_WARN_OBJC_IMPLICIT_RETAIN_SELF = YES;
				CLANG_WARN_OBJC_LITERAL_CONVERSION = YES;
				CLANG_WARN_OBJC_ROOT_CLASS = YES_ERROR;
				CLANG_WARN_QUOTED_INCLUDE_IN_FRAMEWORK_HEADER = YES;
				CLANG_WARN_RANGE_LOOP_ANALYSIS = YES;
				CLANG_WARN_STRICT_PROTOTYPES = YES;
				CLANG_WARN_SUSPICIOUS_MOVE = YES;
				CLANG_WARN_UNGUARDED_AVAILABILITY = YES_AGGRESSIVE;
				CLANG_WARN_UNREACHABLE_CODE = YES;
				CLANG_WARN__DUPLICATE_METHOD_MATCH = YES;
				COPY_PHASE_STRIP = NO;
				DEBUG_INFORMATION_FORMAT = dwarf;
				ENABLE_STRICT_OBJC_MSGSEND = YES;
				ENABLE_TESTABILITY = YES;
				GCC_C_LANGUAGE_STANDARD = gnu11;
				GCC_DYNAMIC_NO_PIC = NO;
				GCC_NO_COMMON_BLOCKS = YES;
				GCC_OPTIMIZATION_LEVEL = 0;
				GCC_PREPROCESSOR_DEFINITIONS = (
					"DEBUG=1",
					"$(inherited)",
				);
				GCC_WARN_64_TO_32_BIT_CONVERSION = YES;
				GCC_WARN_ABOUT_RETURN_TYPE = YES_ERROR;
				GCC_WARN_UNDECLARED_SELECTOR = YES;
				GCC_WARN_UNINITIALIZED_AUTOS = YES_AGGRESSIVE;
				GCC_WARN_UNUSED_FUNCTION = YES;
				GCC_WARN_UNUSED_VARIABLE = YES;
				IPHONEOS_DEPLOYMENT_TARGET = 15.4;
				MTL_ENABLE_DEBUG_INFO = INCLUDE_SOURCE;
				MTL_FAST_MATH = YES;
				ONLY_ACTIVE_ARCH = YES;
				SDKROOT = iphoneos;
				SWIFT_ACTIVE_COMPILATION_CONDITIONS = DEBUG;
				SWIFT_OPTIMIZATION_LEVEL = "-Onone";
			};
			name = Debug;
		};
		2604A6D3288FBA8E00D7B3D8 /* Release */ = {
			isa = XCBuildConfiguration;
			buildSettings = {
				ALWAYS_SEARCH_USER_PATHS = NO;
				CLANG_ANALYZER_NONNULL = YES;
				CLANG_ANALYZER_NUMBER_OBJECT_CONVERSION = YES_AGGRESSIVE;
				CLANG_CXX_LANGUAGE_STANDARD = "gnu++17";
				CLANG_ENABLE_MODULES = YES;
				CLANG_ENABLE_OBJC_ARC = YES;
				CLANG_ENABLE_OBJC_WEAK = YES;
				CLANG_WARN_BLOCK_CAPTURE_AUTORELEASING = YES;
				CLANG_WARN_BOOL_CONVERSION = YES;
				CLANG_WARN_COMMA = YES;
				CLANG_WARN_CONSTANT_CONVERSION = YES;
				CLANG_WARN_DEPRECATED_OBJC_IMPLEMENTATIONS = YES;
				CLANG_WARN_DIRECT_OBJC_ISA_USAGE = YES_ERROR;
				CLANG_WARN_DOCUMENTATION_COMMENTS = YES;
				CLANG_WARN_EMPTY_BODY = YES;
				CLANG_WARN_ENUM_CONVERSION = YES;
				CLANG_WARN_INFINITE_RECURSION = YES;
				CLANG_WARN_INT_CONVERSION = YES;
				CLANG_WARN_NON_LITERAL_NULL_CONVERSION = YES;
				CLANG_WARN_OBJC_IMPLICIT_RETAIN_SELF = YES;
				CLANG_WARN_OBJC_LITERAL_CONVERSION = YES;
				CLANG_WARN_OBJC_ROOT_CLASS = YES_ERROR;
				CLANG_WARN_QUOTED_INCLUDE_IN_FRAMEWORK_HEADER = YES;
				CLANG_WARN_RANGE_LOOP_ANALYSIS = YES;
				CLANG_WARN_STRICT_PROTOTYPES = YES;
				CLANG_WARN_SUSPICIOUS_MOVE = YES;
				CLANG_WARN_UNGUARDED_AVAILABILITY = YES_AGGRESSIVE;
				CLANG_WARN_UNREACHABLE_CODE = YES;
				CLANG_WARN__DUPLICATE_METHOD_MATCH = YES;
				COPY_PHASE_STRIP = NO;
				DEBUG_INFORMATION_FORMAT = "dwarf-with-dsym";
				ENABLE_NS_ASSERTIONS = NO;
				ENABLE_STRICT_OBJC_MSGSEND = YES;
				GCC_C_LANGUAGE_STANDARD = gnu11;
				GCC_NO_COMMON_BLOCKS = YES;
				GCC_WARN_64_TO_32_BIT_CONVERSION = YES;
				GCC_WARN_ABOUT_RETURN_TYPE = YES_ERROR;
				GCC_WARN_UNDECLARED_SELECTOR = YES;
				GCC_WARN_UNINITIALIZED_AUTOS = YES_AGGRESSIVE;
				GCC_WARN_UNUSED_FUNCTION = YES;
				GCC_WARN_UNUSED_VARIABLE = YES;
				IPHONEOS_DEPLOYMENT_TARGET = 15.4;
				MTL_ENABLE_DEBUG_INFO = NO;
				MTL_FAST_MATH = YES;
				SDKROOT = iphoneos;
				SWIFT_COMPILATION_MODE = wholemodule;
				SWIFT_OPTIMIZATION_LEVEL = "-O";
				VALIDATE_PRODUCT = YES;
			};
			name = Release;
		};
		2604A6D5288FBA8E00D7B3D8 /* Debug */ = {
			isa = XCBuildConfiguration;
			buildSettings = {
				ASSETCATALOG_COMPILER_APPICON_NAME = AppIcon;
				ASSETCATALOG_COMPILER_GLOBAL_ACCENT_COLOR_NAME = AccentColor;
				CODE_SIGN_STYLE = Automatic;
				CURRENT_PROJECT_VERSION = 1;
				DEVELOPMENT_ASSET_PATHS = "\"PencilKit_Barebones/Preview Content\"";
				DEVELOPMENT_TEAM = 9GHM5422CF;
				ENABLE_PREVIEWS = YES;
				GENERATE_INFOPLIST_FILE = YES;
				INFOPLIST_FILE = "PencilKit-Barebones-Info.plist";
				INFOPLIST_KEY_NSPhotoLibraryAddUsageDescription = "현재 그려진 그림을 사진 앨범에 저장합니다. ";
				INFOPLIST_KEY_NSPhotoLibraryUsageDescription = "아아아아아";
				INFOPLIST_KEY_UIApplicationSceneManifest_Generation = YES;
				INFOPLIST_KEY_UIApplicationSupportsIndirectInputEvents = YES;
				INFOPLIST_KEY_UILaunchScreen_Generation = YES;
				INFOPLIST_KEY_UISupportedInterfaceOrientations_iPad = "UIInterfaceOrientationPortrait UIInterfaceOrientationPortraitUpsideDown UIInterfaceOrientationLandscapeLeft UIInterfaceOrientationLandscapeRight";
				INFOPLIST_KEY_UISupportedInterfaceOrientations_iPhone = "UIInterfaceOrientationPortrait UIInterfaceOrientationLandscapeLeft UIInterfaceOrientationLandscapeRight";
				LD_RUNPATH_SEARCH_PATHS = (
					"$(inherited)",
					"@executable_path/Frameworks",
				);
				MARKETING_VERSION = 1.0;
				PRODUCT_BUNDLE_IDENTIFIER = "codershigh.PencilKit-Barebones";
				PRODUCT_NAME = "$(TARGET_NAME)";
				SWIFT_EMIT_LOC_STRINGS = YES;
				SWIFT_VERSION = 5.0;
				TARGETED_DEVICE_FAMILY = "1,2";
			};
			name = Debug;
		};
		2604A6D6288FBA8E00D7B3D8 /* Release */ = {
			isa = XCBuildConfiguration;
			buildSettings = {
				ASSETCATALOG_COMPILER_APPICON_NAME = AppIcon;
				ASSETCATALOG_COMPILER_GLOBAL_ACCENT_COLOR_NAME = AccentColor;
				CODE_SIGN_STYLE = Automatic;
				CURRENT_PROJECT_VERSION = 1;
				DEVELOPMENT_ASSET_PATHS = "\"PencilKit_Barebones/Preview Content\"";
				DEVELOPMENT_TEAM = 9GHM5422CF;
				ENABLE_PREVIEWS = YES;
				GENERATE_INFOPLIST_FILE = YES;
				INFOPLIST_FILE = "PencilKit-Barebones-Info.plist";
				INFOPLIST_KEY_NSPhotoLibraryAddUsageDescription = "현재 그려진 그림을 사진 앨범에 저장합니다. ";
				INFOPLIST_KEY_NSPhotoLibraryUsageDescription = "아아아아아";
				INFOPLIST_KEY_UIApplicationSceneManifest_Generation = YES;
				INFOPLIST_KEY_UIApplicationSupportsIndirectInputEvents = YES;
				INFOPLIST_KEY_UILaunchScreen_Generation = YES;
				INFOPLIST_KEY_UISupportedInterfaceOrientations_iPad = "UIInterfaceOrientationPortrait UIInterfaceOrientationPortraitUpsideDown UIInterfaceOrientationLandscapeLeft UIInterfaceOrientationLandscapeRight";
				INFOPLIST_KEY_UISupportedInterfaceOrientations_iPhone = "UIInterfaceOrientationPortrait UIInterfaceOrientationLandscapeLeft UIInterfaceOrientationLandscapeRight";
				LD_RUNPATH_SEARCH_PATHS = (
					"$(inherited)",
					"@executable_path/Frameworks",
				);
				MARKETING_VERSION = 1.0;
				PRODUCT_BUNDLE_IDENTIFIER = "codershigh.PencilKit-Barebones";
				PRODUCT_NAME = "$(TARGET_NAME)";
				SWIFT_EMIT_LOC_STRINGS = YES;
				SWIFT_VERSION = 5.0;
				TARGETED_DEVICE_FAMILY = "1,2";
			};
			name = Release;
		};
/* End XCBuildConfiguration section */

/* Begin XCConfigurationList section */
		2604A6BC288FBA8D00D7B3D8 /* Build configuration list for PBXProject "PencilKit_Barebones" */ = {
			isa = XCConfigurationList;
			buildConfigurations = (
				2604A6D2288FBA8E00D7B3D8 /* Debug */,
				2604A6D3288FBA8E00D7B3D8 /* Release */,
			);
			defaultConfigurationIsVisible = 0;
			defaultConfigurationName = Release;
		};
		2604A6D4288FBA8E00D7B3D8 /* Build configuration list for PBXNativeTarget "PencilKit_Barebones" */ = {
			isa = XCConfigurationList;
			buildConfigurations = (
				2604A6D5288FBA8E00D7B3D8 /* Debug */,
				2604A6D6288FBA8E00D7B3D8 /* Release */,
			);
			defaultConfigurationIsVisible = 0;
			defaultConfigurationName = Release;
		};
/* End XCConfigurationList section */

/* Begin XCVersionGroup section */
		2604A6CF288FBA8E00D7B3D8 /* DrawingModel.xcdatamodeld */ = {
			isa = XCVersionGroup;
			children = (
				2604A6D0288FBA8E00D7B3D8 /* PencilKit_Barebones.xcdatamodel */,
			);
			currentVersion = 2604A6D0288FBA8E00D7B3D8 /* PencilKit_Barebones.xcdatamodel */;
			path = DrawingModel.xcdatamodeld;
			sourceTree = "<group>";
			versionGroupType = wrapper.xcdatamodel;
		};
/* End XCVersionGroup section */
	};
	rootObject = 2604A6B9288FBA8D00D7B3D8 /* Project object */;
}
